
Microsoft Visual Studio Solution File, Format Version 12.00
# Visual Studio Version 16
VisualStudioVersion = 16.0.29306.81
MinimumVisualStudioVersion = 10.0.40219.1
Project("{FAE04EC0-301F-11D3-BF4B-00C04F79EFBC}") = "CS_Lab_1", "CS_Lab_1\CS_Lab_1.csproj", "{E0E264DB-3AA3-4058-973B-28AAA142A582}"
EndProject
Global
	GlobalSection(SolutionConfigurationPlatforms) = preSolution
		Debug|Any CPU = Debug|Any CPU
		Release|Any CPU = Release|Any CPU
	EndGlobalSection
	GlobalSection(ProjectConfigurationPlatforms) = postSolution
		{E0E264DB-3AA3-4058-973B-28AAA142A582}.Debug|Any CPU.ActiveCfg = Debug|Any CPU
		{E0E264DB-3AA3-4058-973B-28AAA142A582}.Debug|Any CPU.Build.0 = Debug|Any CPU
		{E0E264DB-3AA3-4058-973B-28AAA142A582}.Release|Any CPU.ActiveCfg = Release|Any CPU
		{E0E264DB-3AA3-4058-973B-28AAA142A582}.Release|Any CPU.Build.0 = Release|Any CPU
	EndGlobalSection
	GlobalSection(SolutionProperties) = preSolution
		HideSolutionNode = FALSE
	EndGlobalSection
	GlobalSection(ExtensibilityGlobals) = postSolution
		SolutionGuid = {E386940C-1346-441A-908E-E000CE947E39}
	EndGlobalSection
EndGlobal
