
Microsoft Visual Studio Solution File, Format Version 12.00
# Visual Studio Version 16
VisualStudioVersion = 16.0.29306.81
MinimumVisualStudioVersion = 10.0.40219.1
Project("{FAE04EC0-301F-11D3-BF4B-00C04F79EFBC}") = "CS_Lab_2", "CS_Lab_2\CS_Lab_2.csproj", "{2E45F3E6-6CEB-46B5-8EB1-447C44C4A232}"
EndProject
Global
	GlobalSection(SolutionConfigurationPlatforms) = preSolution
		Debug|Any CPU = Debug|Any CPU
		Release|Any CPU = Release|Any CPU
	EndGlobalSection
	GlobalSection(ProjectConfigurationPlatforms) = postSolution
		{2E45F3E6-6CEB-46B5-8EB1-447C44C4A232}.Debug|Any CPU.ActiveCfg = Debug|Any CPU
		{2E45F3E6-6CEB-46B5-8EB1-447C44C4A232}.Debug|Any CPU.Build.0 = Debug|Any CPU
		{2E45F3E6-6CEB-46B5-8EB1-447C44C4A232}.Release|Any CPU.ActiveCfg = Release|Any CPU
		{2E45F3E6-6CEB-46B5-8EB1-447C44C4A232}.Release|Any CPU.Build.0 = Release|Any CPU
	EndGlobalSection
	GlobalSection(SolutionProperties) = preSolution
		HideSolutionNode = FALSE
	EndGlobalSection
	GlobalSection(ExtensibilityGlobals) = postSolution
		SolutionGuid = {28F4593B-CBD5-4F1C-90BF-620D8C56ED64}
	EndGlobalSection
EndGlobal
