
Microsoft Visual Studio Solution File, Format Version 12.00
# Visual Studio Version 16
VisualStudioVersion = 16.0.29306.81
MinimumVisualStudioVersion = 10.0.40219.1
Project("{FAE04EC0-301F-11D3-BF4B-00C04F79EFBC}") = "CS_Lab_3", "CS_Lab_3\CS_Lab_3.csproj", "{D53687D2-D1B1-4A59-A150-45E74A594B7C}"
EndProject
Global
	GlobalSection(SolutionConfigurationPlatforms) = preSolution
		Debug|Any CPU = Debug|Any CPU
		Release|Any CPU = Release|Any CPU
	EndGlobalSection
	GlobalSection(ProjectConfigurationPlatforms) = postSolution
		{D53687D2-D1B1-4A59-A150-45E74A594B7C}.Debug|Any CPU.ActiveCfg = Debug|Any CPU
		{D53687D2-D1B1-4A59-A150-45E74A594B7C}.Debug|Any CPU.Build.0 = Debug|Any CPU
		{D53687D2-D1B1-4A59-A150-45E74A594B7C}.Release|Any CPU.ActiveCfg = Release|Any CPU
		{D53687D2-D1B1-4A59-A150-45E74A594B7C}.Release|Any CPU.Build.0 = Release|Any CPU
	EndGlobalSection
	GlobalSection(SolutionProperties) = preSolution
		HideSolutionNode = FALSE
	EndGlobalSection
	GlobalSection(ExtensibilityGlobals) = postSolution
		SolutionGuid = {1F23BE98-9107-4DE0-8511-FF8A6B2778B8}
	EndGlobalSection
EndGlobal
